// !$*UTF8*$!
{
	archiveVersion = 1;
	classes = {
	};
	objectVersion = 46;
	objects = {

/* Begin PBXBuildFile section */
		FAF4FB281CAE2AA900BD96D2 /* AppDelegate.swift in Sources */ = {isa = PBXBuildFile; fileRef = FAF4FB271CAE2AA900BD96D2 /* AppDelegate.swift */; };
		FAF4FB2A1CAE2AA900BD96D2 /* ViewController.swift in Sources */ = {isa = PBXBuildFile; fileRef = FAF4FB291CAE2AA900BD96D2 /* ViewController.swift */; };
		FAF4FB2D1CAE2AA900BD96D2 /* Main.storyboard in Resources */ = {isa = PBXBuildFile; fileRef = FAF4FB2B1CAE2AA900BD96D2 /* Main.storyboard */; };
		FAF4FB2F1CAE2AA900BD96D2 /* Assets.xcassets in Resources */ = {isa = PBXBuildFile; fileRef = FAF4FB2E1CAE2AA900BD96D2 /* Assets.xcassets */; };
		FAF4FB321CAE2AA900BD96D2 /* LaunchScreen.storyboard in Resources */ = {isa = PBXBuildFile; fileRef = FAF4FB301CAE2AA900BD96D2 /* LaunchScreen.storyboard */; };
		FAF4FB3A1CAE2B4D00BD96D2 /* Minecraft.ttf in Resources */ = {isa = PBXBuildFile; fileRef = FAF4FB391CAE2B4D00BD96D2 /* Minecraft.ttf */; };
		FAF4FB3C1CAE2B5700BD96D2 /* btn.wav in Resources */ = {isa = PBXBuildFile; fileRef = FAF4FB3B1CAE2B5700BD96D2 /* btn.wav */; };
/* End PBXBuildFile section */

/* Begin PBXFileReference section */
		FAF4FB241CAE2AA900BD96D2 /* RetroCalculator.app */ = {isa = PBXFileReference; explicitFileType = wrapper.application; includeInIndex = 0; path = RetroCalculator.app; sourceTree = BUILT_PRODUCTS_DIR; };
		FAF4FB271CAE2AA900BD96D2 /* AppDelegate.swift */ = {isa = PBXFileReference; lastKnownFileType = sourcecode.swift; path = AppDelegate.swift; sourceTree = "<group>"; };
		FAF4FB291CAE2AA900BD96D2 /* ViewController.swift */ = {isa = PBXFileReference; lastKnownFileType = sourcecode.swift; path = ViewController.swift; sourceTree = "<group>"; };
		FAF4FB2C1CAE2AA900BD96D2 /* Base */ = {isa = PBXFileReference; lastKnownFileType = file.storyboard; name = Base; path = Base.lproj/Main.storyboard; sourceTree = "<group>"; };
		FAF4FB2E1CAE2AA900BD96D2 /* Assets.xcassets */ = {isa = PBXFileReference; lastKnownFileType = folder.assetcatalog; path = Assets.xcassets; sourceTree = "<group>"; };
		FAF4FB311CAE2AA900BD96D2 /* Base */ = {isa = PBXFileReference; lastKnownFileType = file.storyboard; name = Base; path = Base.lproj/LaunchScreen.storyboard; sourceTree = "<group>"; };
		FAF4FB331CAE2AA900BD96D2 /* Info.plist */ = {isa = PBXFileReference; lastKnownFileType = text.plist.xml; path = Info.plist; sourceTree = "<group>"; };
		FAF4FB391CAE2B4D00BD96D2 /* Minecraft.ttf */ = {isa = PBXFileReference; lastKnownFileType = file; path = Minecraft.ttf; sourceTree = SOURCE_ROOT; };
		FAF4FB3B1CAE2B5700BD96D2 /* btn.wav */ = {isa = PBXFileReference; lastKnownFileType = audio.wav; path = btn.wav; sourceTree = SOURCE_ROOT; };
/* End PBXFileReference section */

/* Begin PBXFrameworksBuildPhase section */
		FAF4FB211CAE2AA900BD96D2 /* Frameworks */ = {
			isa = PBXFrameworksBuildPhase;
			buildActionMask = 2147483647;
			files = (
			);
			runOnlyForDeploymentPostprocessing = 0;
		};
/* End PBXFrameworksBuildPhase section */

/* Begin PBXGroup section */
		FAF4FB1B1CAE2AA900BD96D2 = {
			isa = PBXGroup;
			children = (
				FAF4FB261CAE2AA900BD96D2 /* RetroCalculator */,
				FAF4FB251CAE2AA900BD96D2 /* Products */,
			);
			sourceTree = "<group>";
		};
		FAF4FB251CAE2AA900BD96D2 /* Products */ = {
			isa = PBXGroup;
			children = (
				FAF4FB241CAE2AA900BD96D2 /* RetroCalculator.app */,
			);
			name = Products;
			sourceTree = "<group>";
		};
		FAF4FB261CAE2AA900BD96D2 /* RetroCalculator */ = {
			isa = PBXGroup;
			children = (
				FAF4FB391CAE2B4D00BD96D2 /* Minecraft.ttf */,
				FAF4FB3B1CAE2B5700BD96D2 /* btn.wav */,
				FAF4FB271CAE2AA900BD96D2 /* AppDelegate.swift */,
				FAF4FB291CAE2AA900BD96D2 /* ViewController.swift */,
				FAF4FB2B1CAE2AA900BD96D2 /* Main.storyboard */,
				FAF4FB2E1CAE2AA900BD96D2 /* Assets.xcassets */,
				FAF4FB301CAE2AA900BD96D2 /* LaunchScreen.storyboard */,
				FAF4FB331CAE2AA900BD96D2 /* Info.plist */,
			);
			path = RetroCalculator;
			sourceTree = "<group>";
		};
/* End PBXGroup section */

/* Begin PBXNativeTarget section */
		FAF4FB231CAE2AA900BD96D2 /* RetroCalculator */ = {
			isa = PBXNativeTarget;
			buildConfigurationList = FAF4FB361CAE2AA900BD96D2 /* Build configuration list for PBXNativeTarget "RetroCalculator" */;
			buildPhases = (
				FAF4FB201CAE2AA900BD96D2 /* Sources */,
				FAF4FB211CAE2AA900BD96D2 /* Frameworks */,
				FAF4FB221CAE2AA900BD96D2 /* Resources */,
			);
			buildRules = (
			);
			dependencies = (
			);
			name = RetroCalculator;
			productName = RetroCalculator;
			productReference = FAF4FB241CAE2AA900BD96D2 /* RetroCalculator.app */;
			productType = "com.apple.product-type.application";
		};
/* End PBXNativeTarget section */

/* Begin PBXProject section */
		FAF4FB1C1CAE2AA900BD96D2 /* Project object */ = {
			isa = PBXProject;
			attributes = {
				LastSwiftUpdateCheck = 0720;
				LastUpgradeCheck = 0720;
				ORGANIZATIONNAME = Alex;
				TargetAttributes = {
					FAF4FB231CAE2AA900BD96D2 = {
						CreatedOnToolsVersion = 7.2.1;
					};
				};
			};
			buildConfigurationList = FAF4FB1F1CAE2AA900BD96D2 /* Build configuration list for PBXProject "RetroCalculator" */;
			compatibilityVersion = "Xcode 3.2";
			developmentRegion = English;
			hasScannedForEncodings = 0;
			knownRegions = (
				en,
				Base,
			);
			mainGroup = FAF4FB1B1CAE2AA900BD96D2;
			productRefGroup = FAF4FB251CAE2AA900BD96D2 /* Products */;
			projectDirPath = "";
			projectRoot = "";
			targets = (
				FAF4FB231CAE2AA900BD96D2 /* RetroCalculator */,
			);
		};
/* End PBXProject section */

/* Begin PBXResourcesBuildPhase section */
		FAF4FB221CAE2AA900BD96D2 /* Resources */ = {
			isa = PBXResourcesBuildPhase;
			buildActionMask = 2147483647;
			files = (
				FAF4FB3C1CAE2B5700BD96D2 /* btn.wav in Resources */,
				FAF4FB321CAE2AA900BD96D2 /* LaunchScreen.storyboard in Resources */,
				FAF4FB2F1CAE2AA900BD96D2 /* Assets.xcassets in Resources */,
				FAF4FB3A1CAE2B4D00BD96D2 /* Minecraft.ttf in Resources */,
				FAF4FB2D1CAE2AA900BD96D2 /* Main.storyboard in Resources */,
			);
			runOnlyForDeploymentPostprocessing = 0;
		};
/* End PBXResourcesBuildPhase section */

/* Begin PBXSourcesBuildPhase section */
		FAF4FB201CAE2AA900BD96D2 /* Sources */ = {
			isa = PBXSourcesBuildPhase;
			buildActionMask = 2147483647;
			files = (
				FAF4FB2A1CAE2AA900BD96D2 /* ViewController.swift in Sources */,
				FAF4FB281CAE2AA900BD96D2 /* AppDelegate.swift in Sources */,
			);
			runOnlyForDeploymentPostprocessing = 0;
		};
/* End PBXSourcesBuildPhase section */

/* Begin PBXVariantGroup section */
		FAF4FB2B1CAE2AA900BD96D2 /* Main.storyboard */ = {
			isa = PBXVariantGroup;
			children = (
				FAF4FB2C1CAE2AA900BD96D2 /* Base */,
			);
			name = Main.storyboard;
			sourceTree = "<group>";
		};
		FAF4FB301CAE2AA900BD96D2 /* LaunchScreen.storyboard */ = {
			isa = PBXVariantGroup;
			children = (
				FAF4FB311CAE2AA900BD96D2 /* Base */,
			);
			name = LaunchScreen.storyboard;
			sourceTree = "<group>";
		};
/* End PBXVariantGroup section */

/* Begin XCBuildConfiguration section */
		FAF4FB341CAE2AA900BD96D2 /* Debug */ = {
			isa = XCBuildConfiguration;
			buildSettings = {
				ALWAYS_SEARCH_USER_PATHS = NO;
				CLANG_CXX_LANGUAGE_STANDARD = "gnu++0x";
				CLANG_CXX_LIBRARY = "libc++";
				CLANG_ENABLE_MODULES = YES;
				CLANG_ENABLE_OBJC_ARC = YES;
				CLANG_WARN_BOOL_CONVERSION = YES;
				CLANG_WARN_CONSTANT_CONVERSION = YES;
				CLANG_WARN_DIRECT_OBJC_ISA_USAGE = YES_ERROR;
				CLANG_WARN_EMPTY_BODY = YES;
				CLANG_WARN_ENUM_CONVERSION = YES;
				CLANG_WARN_INT_CONVERSION = YES;
				CLANG_WARN_OBJC_ROOT_CLASS = YES_ERROR;
				CLANG_WARN_UNREACHABLE_CODE = YES;
				CLANG_WARN__DUPLICATE_METHOD_MATCH = YES;
				"CODE_SIGN_IDENTITY[sdk=iphoneos*]" = "iPhone Developer";
				COPY_PHASE_STRIP = NO;
				DEBUG_INFORMATION_FORMAT = dwarf;
				ENABLE_STRICT_OBJC_MSGSEND = YES;
				ENABLE_TESTABILITY = YES;
				GCC_C_LANGUAGE_STANDARD = gnu99;
				GCC_DYNAMIC_NO_PIC = NO;
				GCC_NO_COMMON_BLOCKS = YES;
				GCC_OPTIMIZATION_LEVEL = 0;
				GCC_PREPROCESSOR_DEFINITIONS = (
					"DEBUG=1",
					"$(inherited)",
				);
				GCC_WARN_64_TO_32_BIT_CONVERSION = YES;
				GCC_WARN_ABOUT_RETURN_TYPE = YES_ERROR;
				GCC_WARN_UNDECLARED_SELECTOR = YES;
				GCC_WARN_UNINITIALIZED_AUTOS = YES_AGGRESSIVE;
				GCC_WARN_UNUSED_FUNCTION = YES;
				GCC_WARN_UNUSED_VARIABLE = YES;
				IPHONEOS_DEPLOYMENT_TARGET = 9.2;
				MTL_ENABLE_DEBUG_INFO = YES;
				ONLY_ACTIVE_ARCH = YES;
				SDKROOT = iphoneos;
				SWIFT_OPTIMIZATION_LEVEL = "-Onone";
			};
			name = Debug;
		};
		FAF4FB351CAE2AA900BD96D2 /* Release */ = {
			isa = XCBuildConfiguration;
			buildSettings = {
				ALWAYS_SEARCH_USER_PATHS = NO;
				CLANG_CXX_LANGUAGE_STANDARD = "gnu++0x";
				CLANG_CXX_LIBRARY = "libc++";
				CLANG_ENABLE_MODULES = YES;
				CLANG_ENABLE_OBJC_ARC = YES;
				CLANG_WARN_BOOL_CONVERSION = YES;
				CLANG_WARN_CONSTANT_CONVERSION = YES;
				CLANG_WARN_DIRECT_OBJC_ISA_USAGE = YES_ERROR;
				CLANG_WARN_EMPTY_BODY = YES;
				CLANG_WARN_ENUM_CONVERSION = YES;
				CLANG_WARN_INT_CONVERSION = YES;
				CLANG_WARN_OBJC_ROOT_CLASS = YES_ERROR;
				CLANG_WARN_UNREACHABLE_CODE = YES;
				CLANG_WARN__DUPLICATE_METHOD_MATCH = YES;
				"CODE_SIGN_IDENTITY[sdk=iphoneos*]" = "iPhone Developer";
				COPY_PHASE_STRIP = NO;
				DEBUG_INFORMATION_FORMAT = "dwarf-with-dsym";
				ENABLE_NS_ASSERTIONS = NO;
				ENABLE_STRICT_OBJC_MSGSEND = YES;
				GCC_C_LANGUAGE_STANDARD = gnu99;
				GCC_NO_COMMON_BLOCKS = YES;
				GCC_WARN_64_TO_32_BIT_CONVERSION = YES;
				GCC_WARN_ABOUT_RETURN_TYPE = YES_ERROR;
				GCC_WARN_UNDECLARED_SELECTOR = YES;
				GCC_WARN_UNINITIALIZED_AUTOS = YES_AGGRESSIVE;
				GCC_WARN_UNUSED_FUNCTION = YES;
				GCC_WARN_UNUSED_VARIABLE = YES;
				IPHONEOS_DEPLOYMENT_TARGET = 9.2;
				MTL_ENABLE_DEBUG_INFO = NO;
				SDKROOT = iphoneos;
				VALIDATE_PRODUCT = YES;
			};
			name = Release;
		};
		FAF4FB371CAE2AA900BD96D2 /* Debug */ = {
			isa = XCBuildConfiguration;
			buildSettings = {
				ASSETCATALOG_COMPILER_APPICON_NAME = AppIcon;
				INFOPLIST_FILE = RetroCalculator/Info.plist;
				LD_RUNPATH_SEARCH_PATHS = "$(inherited) @executable_path/Frameworks";
				PRODUCT_BUNDLE_IDENTIFIER = self.me.RetroCalculator;
				PRODUCT_NAME = "$(TARGET_NAME)";
			};
			name = Debug;
		};
		FAF4FB381CAE2AA900BD96D2 /* Release */ = {
			isa = XCBuildConfiguration;
			buildSettings = {
				ASSETCATALOG_COMPILER_APPICON_NAME = AppIcon;
				INFOPLIST_FILE = RetroCalculator/Info.plist;
				LD_RUNPATH_SEARCH_PATHS = "$(inherited) @executable_path/Frameworks";
				PRODUCT_BUNDLE_IDENTIFIER = self.me.RetroCalculator;
				PRODUCT_NAME = "$(TARGET_NAME)";
			};
			name = Release;
		};
/* End XCBuildConfiguration section */

/* Begin XCConfigurationList section */
		FAF4FB1F1CAE2AA900BD96D2 /* Build configuration list for PBXProject "RetroCalculator" */ = {
			isa = XCConfigurationList;
			buildConfigurations = (
				FAF4FB341CAE2AA900BD96D2 /* Debug */,
				FAF4FB351CAE2AA900BD96D2 /* Release */,
			);
			defaultConfigurationIsVisible = 0;
			defaultConfigurationName = Release;
		};
		FAF4FB361CAE2AA900BD96D2 /* Build configuration list for PBXNativeTarget "RetroCalculator" */ = {
			isa = XCConfigurationList;
			buildConfigurations = (
				FAF4FB371CAE2AA900BD96D2 /* Debug */,
				FAF4FB381CAE2AA900BD96D2 /* Release */,
			);
			defaultConfigurationIsVisible = 0;
		};
/* End XCConfigurationList section */
	};
	rootObject = FAF4FB1C1CAE2AA900BD96D2 /* Project object */;
}
